
Microsoft Visual Studio Solution File, Format Version 12.00
# Visual Studio Version 17
VisualStudioVersion = 17.3.32825.248
MinimumVisualStudioVersion = 10.0.40219.1
Project("{FAE04EC0-301F-11D3-BF4B-00C04F79EFBC}") = "Neural Network Library", "Neural Network Library\Neural Network Library.csproj", "{8995B122-1FF9-4349-AF09-D09C364B799B}"
EndProject
Global
	GlobalSection(SolutionConfigurationPlatforms) = preSolution
		Debug|Any CPU = Debug|Any CPU
		Release|Any CPU = Release|Any CPU
	EndGlobalSection
	GlobalSection(ProjectConfigurationPlatforms) = postSolution
		{8995B122-1FF9-4349-AF09-D09C364B799B}.Debug|Any CPU.ActiveCfg = Debug|Any CPU
		{8995B122-1FF9-4349-AF09-D09C364B799B}.Debug|Any CPU.Build.0 = Debug|Any CPU
		{8995B122-1FF9-4349-AF09-D09C364B799B}.Release|Any CPU.ActiveCfg = Release|Any CPU
		{8995B122-1FF9-4349-AF09-D09C364B799B}.Release|Any CPU.Build.0 = Release|Any CPU
	EndGlobalSection
	GlobalSection(SolutionProperties) = preSolution
		HideSolutionNode = FALSE
	EndGlobalSection
	GlobalSection(ExtensibilityGlobals) = postSolution
		SolutionGuid = {74508B1A-84C7-4F2A-B4B2-AE0740700CBC}
	EndGlobalSection
EndGlobal
